<?xml version="1.0" encoding="UTF-8" standalone="no" ?>
<solution:solution xmlns:solution="XMLSolution" exact="0" exactComplex="0" num_coeffs="1012" num_components="1" num_elems="165" xmlns:xsi="http://www.w3.org/2001/XMLSchema-instance" xsi:schemaLocation="XMLSolution /home/lukas/hpfem/hermes/l-korous/hermes/hermes2d/xml_schemas/solution_h2d_xml.xsd">

  <mono_coeffs id="0" real="-0.162266539564379"/>

  <mono_coeffs id="1" real="-0.538233310939711"/>

  <mono_coeffs id="2" real="0.11355386767335"/>

  <mono_coeffs id="3" real="-0.140695750812344"/>

  <mono_coeffs id="4" real="-0.96733293261804"/>

  <mono_coeffs id="5" real="3.822583912863636"/>

  <mono_coeffs id="6" real="0.080555791172454"/>

  <mono_coeffs id="7" real="0.14896190774364"/>

  <mono_coeffs id="8" real="0.418138279845599"/>

  <mono_coeffs id="9" real="0.016165070715808"/>

  <mono_coeffs id="10" real="0.32301378809749"/>

  <mono_coeffs id="11" real="1.646512506664792"/>

  <mono_coeffs id="12" real="0.246775969627238"/>

  <mono_coeffs id="13" real="0.382236797873044"/>

  <mono_coeffs id="14" real="-0.35667378416392"/>

  <mono_coeffs id="15" real="0.083219782390428"/>

  <mono_coeffs id="16" real="-0.261549292415811"/>

  <mono_coeffs id="17" real="1.646512506664792"/>

  <mono_coeffs id="18" real="0.363207424395453"/>

  <mono_coeffs id="19" real="0.848044588655779"/>

  <mono_coeffs id="20" real="-0.224841123311405"/>

  <mono_coeffs id="21" real="0.21977350596206"/>

  <mono_coeffs id="22" real="-0.564678652999478"/>

  <mono_coeffs id="23" real="1.614622081167716"/>

  <mono_coeffs id="24" real="0.004803411782608"/>

  <mono_coeffs id="25" real="1.07875176469563"/>

  <mono_coeffs id="26" real="0.27279725175179"/>

  <mono_coeffs id="27" real="1.293721858875083"/>

  <mono_coeffs id="28" real="-1.139925989903467"/>

  <mono_coeffs id="29" real="2.202670628874575"/>

  <mono_coeffs id="30" real="-0.140695750812344"/>

  <mono_coeffs id="31" real="0.139291891192681"/>

  <mono_coeffs id="32" real="-0.289807730485648"/>

  <mono_coeffs id="33" real="0.363207424395454"/>

  <mono_coeffs id="34" real="-0.933593820774503"/>

  <mono_coeffs id="35" real="2.249962260455951"/>

  <mono_coeffs id="36" real="0.020228574905753"/>

  <mono_coeffs id="37" real="0.065537170612648"/>

  <mono_coeffs id="38" real="0.011656303114877"/>

  <mono_coeffs id="39" real="0.054284768624481"/>

  <mono_coeffs id="40" real="-0.084700614845764"/>

  <mono_coeffs id="41" real="0.684784807636391"/>

  <mono_coeffs id="42" real="-0.02050970890761"/>

  <mono_coeffs id="43" real="0.063538542675044"/>

  <mono_coeffs id="44" real="0.045005253617801"/>

  <mono_coeffs id="45" real="0.054284768624481"/>

  <mono_coeffs id="46" real="0.213776328133455"/>

  <mono_coeffs id="47" real="0.758872041952678"/>

  <mono_coeffs id="48" real="-0.053849748305964"/>

  <mono_coeffs id="49" real="-0.041314313414181"/>

  <mono_coeffs id="50" real="-0.204859816624131"/>

  <mono_coeffs id="51" real="0.006012495342995"/>

  <mono_coeffs id="52" real="-0.058860078105866"/>

  <mono_coeffs id="53" real="0.152522678067052"/>

  <mono_coeffs id="54" real="-0.029763482958173"/>

  <mono_coeffs id="55" real="-0.16493382601737"/>

  <mono_coeffs id="56" real="-0.333704900533025"/>

  <mono_coeffs id="57" real="-0.005113998283614"/>

  <mono_coeffs id="58" real="-0.109013196181761"/>

  <mono_coeffs id="59" real="0.654972844054531"/>

  <mono_coeffs id="60" real="0.016165070715808"/>

  <mono_coeffs id="61" real="-0.10723034282783"/>

  <mono_coeffs id="62" real="0.066821537526019"/>

  <mono_coeffs id="63" real="0.014741472586098"/>

  <mono_coeffs id="64" real="-0.143583533636074"/>

  <mono_coeffs id="65" real="1.150605011769476"/>

  <mono_coeffs id="66" real="0.126649260891906"/>

  <mono_coeffs id="67" real="-0.133300399122746"/>

  <mono_coeffs id="68" real="-0.529058558646428"/>

  <mono_coeffs id="69" real="-0.265063658298266"/>

  <mono_coeffs id="70" real="-0.473137928810819"/>

  <mono_coeffs id="71" real="0.958914261629383"/>

  <mono_coeffs id="72" real="-0.008449958129193"/>

  <mono_coeffs id="73" real="0.060663157202356"/>

  <mono_coeffs id="74" real="0.014227927132448"/>

  <mono_coeffs id="75" real="0.035636217336412"/>

  <mono_coeffs id="76" real="0.140809714554171"/>

  <mono_coeffs id="77" real="1.05793831892702"/>

  <mono_coeffs id="78" real="-0.020312267633289"/>

  <mono_coeffs id="79" real="-0.041207012383603"/>

  <mono_coeffs id="80" real="-0.085000378927174"/>

  <mono_coeffs id="81" real="0.014741472586098"/>

  <mono_coeffs id="82" real="-0.004853821575359"/>

  <mono_coeffs id="83" real="1.035260433665379"/>

  <mono_coeffs id="84" real="0.0044476995868"/>

  <mono_coeffs id="85" real="0.000266239320487"/>

  <mono_coeffs id="86" real="-0.027768584018113"/>

  <mono_coeffs id="87" real="-0.008382905778605"/>

  <mono_coeffs id="88" real="-0.022910529343469"/>

  <mono_coeffs id="89" real="0.421629485755636"/>

  <mono_coeffs id="90" real="0.032811046599577"/>

  <mono_coeffs id="91" real="0.105141550423972"/>

  <mono_coeffs id="92" real="0.03611585564354"/>

  <mono_coeffs id="93" real="0.053635618936909"/>

  <mono_coeffs id="94" real="-0.029027453297188"/>

  <mono_coeffs id="95" real="0.375837670864744"/>

  <mono_coeffs id="96" real="-0.00814801607747"/>

  <mono_coeffs id="97" real="-0.036826549112416"/>

  <mono_coeffs id="98" real="-0.137142646680095"/>

  <mono_coeffs id="99" real="-0.008449958129193"/>

  <mono_coeffs id="100" real="-0.083261779182324"/>

  <mono_coeffs id="101" real="0.823770191106637"/>

  <mono_coeffs id="102" real="0.080555791172455"/>

  <mono_coeffs id="103" real="0.240681950059497"/>

  <mono_coeffs id="104" real="-0.028494422042462"/>

  <mono_coeffs id="105" real="0.126649260891906"/>

  <mono_coeffs id="106" real="-0.155076209464184"/>

  <mono_coeffs id="107" real="1.05793831892702"/>

  <mono_coeffs id="108" real="0.015984800848821"/>

  <mono_coeffs id="109" real="0.009045131568067"/>

  <mono_coeffs id="110" real="0.05664267581711"/>

  <mono_coeffs id="111" real="-0.011141114793046"/>

  <mono_coeffs id="112" real="0.051784621142467"/>

  <mono_coeffs id="113" real="0.421629485755636"/>

  <mono_coeffs id="114" real="0.032811046599577"/>

  <mono_coeffs id="115" real="0.051388931871513"/>

  <mono_coeffs id="116" real="0.120414626651945"/>

  <mono_coeffs id="117" real="-0.001931823635674"/>

  <mono_coeffs id="118" real="0.138947915709188"/>

  <mono_coeffs id="119" real="0.599380482443704"/>

  <mono_coeffs id="120" real="-0.001931823635674"/>

  <mono_coeffs id="121" real="-0.020671004579717"/>

  <mono_coeffs id="122" real="0.066887979257959"/>

  <mono_coeffs id="123" real="-0.008382905778605"/>

  <mono_coeffs id="124" real="0.00250576408424"/>

  <mono_coeffs id="125" real="0.522665572254181"/>

  <mono_coeffs id="126" real="-0.011141114793046"/>

  <mono_coeffs id="127" real="-0.036297290578081"/>

  <mono_coeffs id="128" real="0.006442198996319"/>

  <mono_coeffs id="129" real="-0.016956787369805"/>

  <mono_coeffs id="130" real="-0.007649771251412"/>

  <mono_coeffs id="131" real="0.39027862690574"/>

  <mono_coeffs id="132" real="0.006012495342995"/>

  <mono_coeffs id="133" real="0.040692181079301"/>

  <mono_coeffs id="134" real="0.023146416387616"/>

  <mono_coeffs id="135" real="0.015984800848821"/>

  <mono_coeffs id="136" real="0.088289725328345"/>

  <mono_coeffs id="137" real="0.375837670864744"/>

  <mono_coeffs id="138" real="0.012120266944677"/>

  <mono_coeffs id="139" real="0.174465654011227"/>

  <mono_coeffs id="140" real="-0.430159737405818"/>

  <mono_coeffs id="141" real="0.121778752175455"/>

  <mono_coeffs id="142" real="-0.837186596494537"/>

  <mono_coeffs id="143" real="4.282760870471707"/>

  <mono_coeffs id="144" real="0.088241172974602"/>

  <mono_coeffs id="145" real="0.27624162905529"/>

  <mono_coeffs id="146" real="-0.6466086723457"/>

  <mono_coeffs id="147" real="0.147433821189594"/>

  <mono_coeffs id="148" real="-0.89136899187004"/>

  <mono_coeffs id="149" real="4.934548049084766"/>

  <mono_coeffs id="150" real="0.012120266944679"/>

  <mono_coeffs id="151" real="0.235907082126369"/>

  <mono_coeffs id="152" real="0.840532473543414"/>

  <mono_coeffs id="153" real="0.147433821189595"/>

  <mono_coeffs id="154" real="1.403517703051699"/>

  <mono_coeffs id="155" real="6.497810101003802"/>

  <mono_coeffs id="156" real="-0.010100679039082"/>

  <mono_coeffs id="157" real="-0.034557515012812"/>

  <mono_coeffs id="158" real="0.052835792166031"/>

  <mono_coeffs id="159" real="-0.040782683421052"/>

  <mono_coeffs id="160" real="0.101826348270595"/>

  <mono_coeffs id="161" real="-0.588824787529118"/>

  <mono_coeffs id="162" real="-0.014182871453871"/>

  <mono_coeffs id="163" real="0.034786326360151"/>

  <mono_coeffs id="164" real="-0.529441356169356"/>

  <mono_coeffs id="165" real="5.94040647955807"/>

  <mono_coeffs id="166" real="0.000000000000001"/>

  <mono_coeffs id="167" real="0.100190317736112"/>

  <mono_coeffs id="168" real="0.120410343492804"/>

  <mono_coeffs id="169" real="0.048522286193012"/>

  <mono_coeffs id="170" real="0.346765974496129"/>

  <mono_coeffs id="171" real="-0.539636983816766"/>

  <mono_coeffs id="172" real="-0.014678548666868"/>

  <mono_coeffs id="173" real="0.132865477663686"/>

  <mono_coeffs id="174" real="-0.367826746652562"/>

  <mono_coeffs id="175" real="5.749366275759646"/>

  <mono_coeffs id="176" real="0.010100679039081"/>

  <mono_coeffs id="177" real="0.034469707530099"/>

  <mono_coeffs id="178" real="0.121863014708939"/>

  <mono_coeffs id="179" real="0.038042132663349"/>

  <mono_coeffs id="180" real="0.262828029557053"/>

  <mono_coeffs id="181" real="0.95621971611447"/>

  <mono_coeffs id="182" real="0.014678548666867"/>

  <mono_coeffs id="183" real="0.122385324134024"/>

  <mono_coeffs id="184" real="0.842760725439533"/>

  <mono_coeffs id="185" real="7.253870983513826"/>

  <mono_coeffs id="186" real="0.009017432373881"/>

  <mono_coeffs id="187" real="0.029497419116763"/>

  <mono_coeffs id="188" real="0.10250755766665"/>

  <mono_coeffs id="189" real="0.038888460483955"/>

  <mono_coeffs id="190" real="0.241077479833039"/>

  <mono_coeffs id="191" real="0.93968208096786"/>

  <mono_coeffs id="192" real="0.01418287145387"/>

  <mono_coeffs id="193" real="0.114457470265158"/>

  <mono_coeffs id="194" real="0.87740528016904"/>

  <mono_coeffs id="195" real="7.438359693967391"/>

  <mono_coeffs id="196" real="0.049154210214034"/>

  <mono_coeffs id="197" real="0.150585048092978"/>

  <mono_coeffs id="198" real="0.360349444333377"/>

  <mono_coeffs id="199" real="0.156102930700854"/>

  <mono_coeffs id="200" real="0.747429353179358"/>

  <mono_coeffs id="201" real="1.801797389688376"/>

  <mono_coeffs id="202" real="0.05467209282191"/>

  <mono_coeffs id="203" real="0.387079908845982"/>

  <mono_coeffs id="204" real="1.801797389688377"/>

  <mono_coeffs id="205" real="10"/>

  <mono_coeffs id="206" real="-0.043779712399997"/>

  <mono_coeffs id="207" real="-0.129869329453011"/>

  <mono_coeffs id="208" real="0.077134797890662"/>

  <mono_coeffs id="209" real="-0.144987312162127"/>

  <mono_coeffs id="210" real="0.187236915774894"/>

  <mono_coeffs id="211" real="-0.950123640172915"/>

  <mono_coeffs id="212" real="-0.054672092821906"/>

  <mono_coeffs id="213" real="0.085989665983002"/>

  <mono_coeffs id="214" real="-0.887846839374097"/>

  <mono_coeffs id="215" real="7.438359693967389"/>

  <mono_coeffs id="216" real="-0.027529589084955"/>

  <mono_coeffs id="217" real="-0.060817638562102"/>

  <mono_coeffs id="218" real="-0.005376339001374"/>

  <mono_coeffs id="219" real="0.088241172974602"/>

  <mono_coeffs id="220" real="-0.983667939963091"/>

  <mono_coeffs id="221" real="5.99550411222798"/>

  <mono_coeffs id="222" real="-0.049706081780046"/>

  <mono_coeffs id="223" real="0.001514210657524"/>

  <mono_coeffs id="224" real="0.216491221036675"/>

  <mono_coeffs id="225" real="0.002932816221424"/>

  <mono_coeffs id="226" real="0.010849113647943"/>

  <mono_coeffs id="227" real="-1.189518523615781"/>

  <mono_coeffs id="228" real="-0.000000000000002"/>

  <mono_coeffs id="229" real="0.002932816221423"/>

  <mono_coeffs id="230" real="0.009334902990422"/>

  <mono_coeffs id="231" real="8.544284173567497"/>

  <mono_coeffs id="232" real="-0.047487438114116"/>

  <mono_coeffs id="233" real="0.006585336932702"/>

  <mono_coeffs id="234" real="0.217921568316058"/>

  <mono_coeffs id="235" real="0.005464051532397"/>

  <mono_coeffs id="236" real="0.012652345269567"/>

  <mono_coeffs id="237" real="-1.185618213780439"/>

  <mono_coeffs id="238" real="-0.000000000000001"/>

  <mono_coeffs id="239" real="0.005464051532396"/>

  <mono_coeffs id="240" real="0.006067008336868"/>

  <mono_coeffs id="241" real="8.548972779789388"/>

  <mono_coeffs id="242" real="-0.0100030186033"/>

  <mono_coeffs id="243" real="0.001196182355778"/>

  <mono_coeffs id="244" real="0.074818802243585"/>

  <mono_coeffs id="245" real="0.002432441947675"/>

  <mono_coeffs id="246" real="0.002041607804125"/>

  <mono_coeffs id="247" real="-0.712641816794567"/>

  <mono_coeffs id="248" real="0.000843650111192"/>

  <mono_coeffs id="249" real="-0.001773851299226"/>

  <mono_coeffs id="250" real="0.006848732527778"/>

  <mono_coeffs id="251" real="6.719307807151377"/>

  <mono_coeffs id="252" real="0.047487438114119"/>

  <mono_coeffs id="253" real="0.007030812636019"/>

  <mono_coeffs id="254" real="0.218367044019375"/>

  <mono_coeffs id="255" real="0.006987200626853"/>

  <mono_coeffs id="256" real="0.012573027789171"/>

  <mono_coeffs id="257" real="1.198392334679924"/>

  <mono_coeffs id="258" real="-0.000843650111192"/>

  <mono_coeffs id="259" real="0.00278090737995"/>

  <mono_coeffs id="260" real="-0.000461091926279"/>

  <mono_coeffs id="261" real="8.544284173567497"/>

  <mono_coeffs id="262" real="-0.048608723514422"/>

  <mono_coeffs id="263" real="-0.134173718523912"/>

  <mono_coeffs id="264" real="0.076559556054976"/>

  <mono_coeffs id="265" real="-0.128042545640808"/>

  <mono_coeffs id="266" real="0.161293820552694"/>

  <mono_coeffs id="267" real="-0.902348855923802"/>

  <mono_coeffs id="268" real="-0.041642192528932"/>

  <mono_coeffs id="269" real="0.082868496450778"/>

  <mono_coeffs id="270" real="-0.901823142135516"/>

  <mono_coeffs id="271" real="7.522638948674159"/>

  <mono_coeffs id="272" real="-0.009595082055567"/>

  <mono_coeffs id="273" real="-0.027443736862664"/>

  <mono_coeffs id="274" real="0.044732910082106"/>

  <mono_coeffs id="275" real="-0.027101810021592"/>

  <mono_coeffs id="276" real="0.091499308298239"/>

  <mono_coeffs id="277" real="-0.596934116903613"/>

  <mono_coeffs id="278" real="-0.008992657167072"/>

  <mono_coeffs id="279" real="0.045869853224848"/>

  <mono_coeffs id="280" real="-0.595869444664629"/>

  <mono_coeffs id="281" real="6.074095333237559"/>

  <mono_coeffs id="282" real="-0.009610409122596"/>

  <mono_coeffs id="283" real="-0.027056038943488"/>

  <mono_coeffs id="284" real="0.043947304196747"/>

  <mono_coeffs id="285" real="-0.02759188786038"/>

  <mono_coeffs id="286" real="0.091170696395915"/>

  <mono_coeffs id="287" real="-0.60072796506605"/>

  <mono_coeffs id="288" real="-0.009639807118269"/>

  <mono_coeffs id="289" real="0.045268077792153"/>

  <mono_coeffs id="290" real="-0.595902702930671"/>

  <mono_coeffs id="291" real="6.068497219310284"/>

  <mono_coeffs id="292" real="0.009595082055563"/>

  <mono_coeffs id="293" real="0.029860258222712"/>

  <mono_coeffs id="294" real="0.102036905167481"/>

  <mono_coeffs id="295" real="0.030740341387806"/>

  <mono_coeffs id="296" real="0.207502980254757"/>

  <mono_coeffs id="297" real="0.8922978740904"/>

  <mono_coeffs id="298" real="0.009639807118273"/>

  <mono_coeffs id="299" real="0.103600307040337"/>

  <mono_coeffs id="300" real="0.891772160302114"/>

  <mono_coeffs id="301" real="7.522638948674159"/>

  <mono_coeffs id="302" real="0.001200852945653"/>

  <mono_coeffs id="303" real="0.13019737385669"/>

  <mono_coeffs id="304" real="0.530772924437306"/>

  <mono_coeffs id="305" real="0.121778752175454"/>

  <mono_coeffs id="306" real="1.141849624362455"/>

  <mono_coeffs id="307" real="5.254612946313856"/>

  <mono_coeffs id="308" real="0.001200852945652"/>

  <mono_coeffs id="309" real="0.091492330320112"/>

  <mono_coeffs id="310" real="0.496871292683336"/>

  <mono_coeffs id="311" real="0.110511503131153"/>

  <mono_coeffs id="312" real="1.334751964803218"/>

  <mono_coeffs id="313" real="6.264737048742762"/>

  <mono_coeffs id="314" real="-0.052946149883856"/>

  <mono_coeffs id="315" real="0.064783121982882"/>

  <mono_coeffs id="316" real="-0.567399812575076"/>

  <mono_coeffs id="317" real="0.110511503131153"/>

  <mono_coeffs id="318" real="-1.178476512500224"/>

  <mono_coeffs id="319" real="5.254612946313857"/>

  <mono_coeffs id="320" real="-0.049154210214035"/>

  <mono_coeffs id="321" real="-0.139393472184529"/>

  <mono_coeffs id="322" real="0.070370924055866"/>

  <mono_coeffs id="323" real="-0.140483613759982"/>

  <mono_coeffs id="324" real="0.149484675920987"/>

  <mono_coeffs id="325" real="-0.920502677528904"/>

  <mono_coeffs id="326" real="-0.049706081780049"/>

  <mono_coeffs id="327" real="0.074493396619167"/>

  <mono_coeffs id="328" real="-0.908556672936782"/>

  <mono_coeffs id="329" real="7.497854274999698"/>

  <mono_coeffs id="330" real="-0.009090625628805"/>

  <mono_coeffs id="331" real="-0.026688911774452"/>

  <mono_coeffs id="332" real="0.045863998605584"/>

  <mono_coeffs id="333" real="-0.02791800626995"/>

  <mono_coeffs id="334" real="0.094299851566877"/>

  <mono_coeffs id="335" real="-0.601886024355144"/>

  <mono_coeffs id="336" real="-0.010003018603302"/>

  <mono_coeffs id="337" real="0.045704613617857"/>

  <mono_coeffs id="338" real="-0.591262219309685"/>

  <mono_coeffs id="339" real="6.053000924623649"/>

  <mono_coeffs id="340" real="-0.009017432373881"/>

  <mono_coeffs id="341" real="-0.026107325980986"/>

  <mono_coeffs id="342" real="0.046902812568902"/>

  <mono_coeffs id="343" real="-0.028073540026741"/>

  <mono_coeffs id="344" real="0.100089171888299"/>

  <mono_coeffs id="345" real="-0.609330349703736"/>

  <mono_coeffs id="346" real="-0.010097856502595"/>

  <mono_coeffs id="347" real="0.047334355033633"/>

  <mono_coeffs id="348" real="-0.584415878847335"/>

  <mono_coeffs id="349" real="6.019380922226075"/>

  <mono_coeffs id="350" real="0.00909062562881"/>

  <mono_coeffs id="351" real="0.029935924682254"/>

  <mono_coeffs id="352" real="0.102488835062291"/>

  <mono_coeffs id="353" real="0.03148142556548"/>

  <mono_coeffs id="354" real="0.213998510934098"/>

  <mono_coeffs id="355" real="0.906620967560586"/>

  <mono_coeffs id="356" real="0.010097856502596"/>

  <mono_coeffs id="357" real="0.106889320625853"/>

  <mono_coeffs id="358" real="0.894674962968464"/>

  <mono_coeffs id="359" real="7.497854274999698"/>

  <mono_coeffs id="360" real="-0.000260498047423"/>

  <mono_coeffs id="361" real="0.000319136956653"/>

  <mono_coeffs id="362" real="-0.000577408034632"/>

  <mono_coeffs id="363" real="-0.000210601632017"/>

  <mono_coeffs id="364" real="0.000090849321741"/>

  <mono_coeffs id="365" real="-0.000763221285226"/>

  <mono_coeffs id="366" real="-0.012365694876464"/>

  <mono_coeffs id="367" real="0.122629768388302"/>

  <mono_coeffs id="368" real="-1.698682728956392"/>

  <mono_coeffs id="369" real="4.240417141016401"/>

  <mono_coeffs id="370" real="0.000007794943208"/>

  <mono_coeffs id="371" real="0.000555280443542"/>

  <mono_coeffs id="372" real="-0.000053291030764"/>

  <mono_coeffs id="373" real="0.000050576194546"/>

  <mono_coeffs id="374" real="0.000541318608964"/>

  <mono_coeffs id="375" real="-0.000204357773118"/>

  <mono_coeffs id="376" real="-0.005700648602748"/>

  <mono_coeffs id="377" real="0.073943548323882"/>

  <mono_coeffs id="378" real="-1.320755156300226"/>

  <mono_coeffs id="379" real="1.252405599139916"/>

  <mono_coeffs id="380" real="-0.000506450921222"/>

  <mono_coeffs id="381" real="0.0009221221689"/>

  <mono_coeffs id="382" real="-0.001033192238113"/>

  <mono_coeffs id="383" real="0.000867044947164"/>

  <mono_coeffs id="384" real="0.00213190583208"/>

  <mono_coeffs id="385" real="-0.00356040125046"/>

  <mono_coeffs id="386" real="-0.011722194605262"/>

  <mono_coeffs id="387" real="0.123711404991978"/>

  <mono_coeffs id="388" real="-1.697250292887423"/>

  <mono_coeffs id="389" real="4.235813326825619"/>

  <mono_coeffs id="390" real="-0.000007794943209"/>

  <mono_coeffs id="391" real="0.000460215464734"/>

  <mono_coeffs id="392" real="-0.000148356009572"/>

  <mono_coeffs id="393" real="0.000614746772836"/>

  <mono_coeffs id="394" real="0.001349239776147"/>

  <mono_coeffs id="395" real="0.001429593190848"/>

  <mono_coeffs id="396" real="0.011722194605264"/>

  <mono_coeffs id="397" real="0.12345910681765"/>

  <mono_coeffs id="398" real="1.699349100862015"/>

  <mono_coeffs id="399" real="4.2404171410164"/>

  <mono_coeffs id="400" real="0"/>

  <mono_coeffs id="401" real="0.10567390414648"/>

  <mono_coeffs id="402" real="0.181356279352371"/>

  <mono_coeffs id="403" real="0.147034712949036"/>

  <mono_coeffs id="404" real="0.058764866958754"/>

  <mono_coeffs id="405" real="-1.563889108795477"/>

  <mono_coeffs id="406" real="0.036989482876231"/>

  <mono_coeffs id="407" real="0.053544559609397"/>

  <mono_coeffs id="408" real="0.124901199976478"/>

  <mono_coeffs id="409" real="4.0041208876118"/>

  <mono_coeffs id="410" real="-0.014082521545905"/>

  <mono_coeffs id="411" real="-0.00114389878595"/>

  <mono_coeffs id="412" real="0.125537543536791"/>

  <mono_coeffs id="413" real="0.007012106581818"/>

  <mono_coeffs id="414" real="-0.016394310456199"/>

  <mono_coeffs id="415" real="-1.665246145495735"/>

  <mono_coeffs id="416" real="0.00214297599345"/>

  <mono_coeffs id="417" real="-0.007192123162597"/>

  <mono_coeffs id="418" real="0.044133019689516"/>

  <mono_coeffs id="419" real="4.13554026897964"/>

  <mono_coeffs id="420" real="0.014082521545904"/>

  <mono_coeffs id="421" real="-0.001608369857085"/>

  <mono_coeffs id="422" real="0.125073072465657"/>

  <mono_coeffs id="423" real="-0.018350254246883"/>

  <mono_coeffs id="424" real="-0.064482178974128"/>

  <mono_coeffs id="425" real="1.595707803730474"/>

  <mono_coeffs id="426" real="0.001711963082425"/>

  <mono_coeffs id="427" real="-0.013419279436773"/>

  <mono_coeffs id="428" real="-0.093082505041475"/>

  <mono_coeffs id="429" real="4.0041208876118"/>

  <mono_coeffs id="430" real="0.323430464718771"/>

  <mono_coeffs id="431" real="0.380955606344656"/>

  <mono_coeffs id="432" real="-1.375244200392434"/>

  <mono_coeffs id="433" real="0.075682375205891"/>

  <mono_coeffs id="434" real="-1.094663656460539"/>

  <mono_coeffs id="435" real="2.197100099257283"/>

  <mono_coeffs id="436" real="0.323430464718771"/>

  <mono_coeffs id="437" real="0.456664212655663"/>

  <mono_coeffs id="438" real="-0.005813735206344"/>

  <mono_coeffs id="439" real="0.137213786722706"/>

  <mono_coeffs id="440" real="-0.110613705688934"/>

  <mono_coeffs id="441" real="0.900940883912975"/>

  <mono_coeffs id="442" real="0.401607169272997"/>

  <mono_coeffs id="443" real="0.520663722415697"/>

  <mono_coeffs id="444" real="1.36852218469219"/>

  <mono_coeffs id="445" real="0.137213786722706"/>

  <mono_coeffs id="446" real="1.087941640760294"/>

  <mono_coeffs id="447" real="2.197100099257283"/>

  <mono_coeffs id="448" real="0.003980038785813"/>

  <mono_coeffs id="449" real="0.037102065561698"/>

  <mono_coeffs id="450" real="0.141902036044288"/>

  <mono_coeffs id="451" real="0.019234224137074"/>

  <mono_coeffs id="452" real="-0.064614944537612"/>

  <mono_coeffs id="453" real="0.817091715238289"/>

  <mono_coeffs id="454" real="-0.008069492171586"/>

  <mono_coeffs id="455" real="-0.034996509645154"/>

  <mono_coeffs id="456" real="0.099743221185237"/>

  <mono_coeffs id="457" real="-0.038802305982205"/>

  <mono_coeffs id="458" real="0.188584539057266"/>

  <mono_coeffs id="459" real="-1.481992320145779"/>

  <mono_coeffs id="460" real="-0.011412649900604"/>

  <mono_coeffs id="461" real="0.079392543473477"/>

  <mono_coeffs id="462" real="-1.445919622723822"/>

  <mono_coeffs id="463" real="2.598815452881737"/>

  <mono_coeffs id="464" real="-0.00459333720984"/>

  <mono_coeffs id="465" real="-0.01723716231215"/>

  <mono_coeffs id="466" real="0.063656326826126"/>

  <mono_coeffs id="467" real="-0.017739470303991"/>

  <mono_coeffs id="468" real="0.11641157356498"/>

  <mono_coeffs id="469" real="-1.174206626177776"/>

  <mono_coeffs id="470" real="-0.005095645201681"/>

  <mono_coeffs id="471" real="0.052755246738854"/>

  <mono_coeffs id="472" real="-1.174206626177776"/>

  <mono_coeffs id="473" real="-0"/>

  <mono_coeffs id="474" real="0.004593337209841"/>

  <mono_coeffs id="475" real="0.019282689417922"/>

  <mono_coeffs id="476" real="0.100176178556199"/>

  <mono_coeffs id="477" real="0.018965524394474"/>

  <mono_coeffs id="478" real="0.190400707381467"/>

  <mono_coeffs id="479" real="1.47979285303374"/>

  <mono_coeffs id="480" real="0.003813533578362"/>

  <mono_coeffs id="481" real="0.080775754426717"/>

  <mono_coeffs id="482" real="1.443720155611781"/>

  <mono_coeffs id="483" real="2.598815452881737"/>

  <mono_coeffs id="484" real="-0.011486210929625"/>

  <mono_coeffs id="485" real="-0.034446298231384"/>

  <mono_coeffs id="486" real="0.089216697297385"/>

  <mono_coeffs id="487" real="-0.034434218178693"/>

  <mono_coeffs id="488" real="0.177167830081193"/>

  <mono_coeffs id="489" real="-1.486379407253565"/>

  <mono_coeffs id="490" real="-0.011160666462306"/>

  <mono_coeffs id="491" real="0.086112088743093"/>

  <mono_coeffs id="492" real="-1.482075763324384"/>

  <mono_coeffs id="493" real="2.648731011345044"/>

  <mono_coeffs id="494" real="-0.00547217621009"/>

  <mono_coeffs id="495" real="-0.016281739013617"/>

  <mono_coeffs id="496" real="0.057829579813267"/>

  <mono_coeffs id="497" real="-0.016013302100488"/>

  <mono_coeffs id="498" real="0.115165216396932"/>

  <mono_coeffs id="499" real="-1.189103843116559"/>

  <mono_coeffs id="500" real="-0.005203739296961"/>

  <mono_coeffs id="501" real="0.057335636583665"/>

  <mono_coeffs id="502" real="-1.189103843116559"/>

  <mono_coeffs id="503" real="-0"/>

  <mono_coeffs id="504" real="-0.005447666753906"/>

  <mono_coeffs id="505" real="-0.016686141093236"/>

  <mono_coeffs id="506" real="0.058221489476586"/>

  <mono_coeffs id="507" real="-0.016074519140198"/>

  <mono_coeffs id="508" real="0.11342247755514"/>

  <mono_coeffs id="509" real="-1.186192766031015"/>

  <mono_coeffs id="510" real="-0.004836044800868"/>

  <mono_coeffs id="511" real="0.055200988078554"/>

  <mono_coeffs id="512" real="-1.186192766031015"/>

  <mono_coeffs id="513" real="-0"/>

  <mono_coeffs id="514" real="0.005472176210092"/>

  <mono_coeffs id="515" real="0.017062962878674"/>

  <mono_coeffs id="516" real="0.091174281705558"/>

  <mono_coeffs id="517" real="0.016740295884077"/>

  <mono_coeffs id="518" real="0.181029128849102"/>

  <mono_coeffs id="519" real="1.484571194579002"/>

  <mono_coeffs id="520" real="0.004836044800868"/>

  <mono_coeffs id="521" real="0.088015803102829"/>

  <mono_coeffs id="522" real="1.48026755064982"/>

  <mono_coeffs id="523" real="2.648731011345043"/>

  <mono_coeffs id="524" real="-0.000316701521003"/>

  <mono_coeffs id="525" real="0.001076504198411"/>

  <mono_coeffs id="526" real="-0.001654735145025"/>

  <mono_coeffs id="527" real="0.001640564459496"/>

  <mono_coeffs id="528" real="0.002701348334249"/>

  <mono_coeffs id="529" real="-0.009563021170703"/>

  <mono_coeffs id="530" real="-0.011486210929623"/>

  <mono_coeffs id="531" real="0.125303559988265"/>

  <mono_coeffs id="532" real="-1.696356611377614"/>

  <mono_coeffs id="533" real="4.219854542328146"/>

  <mono_coeffs id="534" real="-0.000196921607209"/>

  <mono_coeffs id="535" real="0.001059824930204"/>

  <mono_coeffs id="536" real="-0.000798828758677"/>

  <mono_coeffs id="537" real="0.000904724985187"/>

  <mono_coeffs id="538" real="0.004518809753489"/>

  <mono_coeffs id="539" real="-0.004375415848162"/>

  <mono_coeffs id="540" real="-0.005447666753907"/>

  <mono_coeffs id="541" real="0.07581235555501"/>

  <mono_coeffs id="542" real="-1.312230777903069"/>

  <mono_coeffs id="543" real="1.242456290213742"/>

  <mono_coeffs id="544" real="-0.00088578991704"/>

  <mono_coeffs id="545" real="0.001297876123727"/>

  <mono_coeffs id="546" real="-0.004554128162035"/>

  <mono_coeffs id="547" real="0.001969144357903"/>

  <mono_coeffs id="548" real="0.004425856172699"/>

  <mono_coeffs id="549" real="-0.022457759041605"/>

  <mono_coeffs id="550" real="-0.011627171583467"/>

  <mono_coeffs id="551" real="0.127174833790418"/>

  <mono_coeffs id="552" real="-1.69195843046785"/>

  <mono_coeffs id="553" real="4.188620486384338"/>

  <mono_coeffs id="554" real="0.00019692160721"/>

  <mono_coeffs id="555" real="-0.000009390626209"/>

  <mono_coeffs id="556" real="-0.001868044315091"/>

  <mono_coeffs id="557" real="-0.000312710319661"/>

  <mono_coeffs id="558" real="0.00207745828877"/>

  <mono_coeffs id="559" real="0.010379669224894"/>

  <mono_coeffs id="560" real="0.011627171583464"/>

  <mono_coeffs id="561" real="0.124892979112853"/>

  <mono_coeffs id="562" real="1.697173259431805"/>

  <mono_coeffs id="563" real="4.219854542328144"/>

  <mono_coeffs id="564" real="-0.100100387989946"/>

  <mono_coeffs id="565" real="-0.219720547126177"/>

  <mono_coeffs id="566" real="0.02467506924191"/>

  <mono_coeffs id="567" real="-0.06523374321282"/>

  <mono_coeffs id="568" real="-0.09467511044647"/>

  <mono_coeffs id="569" real="0.315054637124384"/>

  <mono_coeffs id="570" real="-0.005961689614119"/>

  <mono_coeffs id="571" real="-0.022631219993535"/>

  <mono_coeffs id="572" real="0.038589774237148"/>

  <mono_coeffs id="573" real="-0.003260625645188"/>

  <mono_coeffs id="574" real="-0.001676918154977"/>

  <mono_coeffs id="575" real="0.318857264694428"/>

  <mono_coeffs id="576" real="-0.006890773903379"/>

  <mono_coeffs id="577" real="0.011948537734888"/>

  <mono_coeffs id="578" real="0.047721663606226"/>

  <mono_coeffs id="579" real="0.032248216372494"/>

  <mono_coeffs id="580" real="-0.046180647722809"/>

  <mono_coeffs id="581" real="0.453026268415589"/>

  <mono_coeffs id="582" real="-0.005961689614119"/>

  <mono_coeffs id="583" real="-0.028099889165036"/>

  <mono_coeffs id="584" real="-0.08932088339572"/>

  <mono_coeffs id="585" real="0.032248216372494"/>

  <mono_coeffs id="586" real="0.03002929629266"/>

  <mono_coeffs id="587" real="0.315054637124384"/>

  <mono_coeffs id="588" real="0"/>

  <mono_coeffs id="589" real="0.010192528715915"/>

  <mono_coeffs id="590" real="0.010192528715915"/>

  <mono_coeffs id="591" real="-0.001630734887197"/>

  <mono_coeffs id="592" real="0.086453867749441"/>

  <mono_coeffs id="593" real="0.088084602636638"/>

  <mono_coeffs id="594" real="0.022235404435206"/>

  <mono_coeffs id="595" real="0.023865295193197"/>

  <mono_coeffs id="596" real="0.072649392839378"/>

  <mono_coeffs id="597" real="-0.001630734887197"/>

  <mono_coeffs id="598" real="0.093603694677936"/>

  <mono_coeffs id="599" real="0.274305800843161"/>

  <mono_coeffs id="600" real="0"/>

  <mono_coeffs id="601" real="0.076662966405569"/>

  <mono_coeffs id="602" real="0.076662966405569"/>

  <mono_coeffs id="603" real="0.011429223192748"/>

  <mono_coeffs id="604" real="0.201708403085276"/>

  <mono_coeffs id="605" real="0.190279179892528"/>

  <mono_coeffs id="606" real="0.022235404435206"/>

  <mono_coeffs id="607" real="0.045487891231065"/>

  <mono_coeffs id="608" real="-0.003296206415116"/>

  <mono_coeffs id="609" real="0.011429223192748"/>

  <mono_coeffs id="610" real="-0.079557545448642"/>

  <mono_coeffs id="611" real="0.088084602636638"/>

  <mono_coeffs id="612" real="0.032514086193896"/>

  <mono_coeffs id="613" real="0.042000767679351"/>

  <mono_coeffs id="614" real="-0.135373256884073"/>

  <mono_coeffs id="615" real="-0.013887802638811"/>

  <mono_coeffs id="616" real="-0.164516212902549"/>

  <mono_coeffs id="617" real="0.64920437216032"/>

  <mono_coeffs id="618" real="0.046895231456192"/>

  <mono_coeffs id="619" real="0.129121217208473"/>

  <mono_coeffs id="620" real="0.075173367567771"/>

  <mono_coeffs id="621" real="-0.017874402237664"/>

  <mono_coeffs id="622" real="-0.169222248800316"/>

  <mono_coeffs id="623" real="0.344496004358033"/>

  <mono_coeffs id="624" real="0.032514086193896"/>

  <mono_coeffs id="625" real="0.042598638319965"/>

  <mono_coeffs id="626" real="-0.004719041467875"/>

  <mono_coeffs id="627" real="0.003193778222691"/>

  <mono_coeffs id="628" real="-0.040492167339213"/>

  <mono_coeffs id="629" real="0.531455132510891"/>

  <mono_coeffs id="630" real="0.046895231456192"/>

  <mono_coeffs id="631" real="0.073463493803148"/>

  <mono_coeffs id="632" real="0.12741134344385"/>

  <mono_coeffs id="633" real="0.003193778222691"/>

  <mono_coeffs id="634" real="0.156554299462326"/>

  <mono_coeffs id="635" real="0.64920437216032"/>

  <mono_coeffs id="636" real="0.000000000000001"/>

  <mono_coeffs id="637" real="0.001669628337762"/>

  <mono_coeffs id="638" real="0.016175515710757"/>

  <mono_coeffs id="639" real="0.005278481499279"/>

  <mono_coeffs id="640" real="-0.018130417667267"/>

  <mono_coeffs id="641" real="-0.643898208108393"/>

  <mono_coeffs id="642" real="-0.000213995385302"/>

  <mono_coeffs id="643" real="0.007153211357715"/>

  <mono_coeffs id="644" real="-0.007803171603779"/>

  <mono_coeffs id="645" real="1.845672302107546"/>

  <mono_coeffs id="646" real="-0.00132813311952"/>

  <mono_coeffs id="647" real="0.001605385665051"/>

  <mono_coeffs id="648" real="0.018240355280008"/>

  <mono_coeffs id="649" real="0.001621606348984"/>

  <mono_coeffs id="650" real="-0.006678242218682"/>

  <mono_coeffs id="651" real="-0.665538358278071"/>

  <mono_coeffs id="652" real="-0.000213995385303"/>

  <mono_coeffs id="653" real="0.002212363895602"/>

  <mono_coeffs id="654" real="0.008644221327629"/>

  <mono_coeffs id="655" real="1.850419884402921"/>

  <mono_coeffs id="656" real="-0"/>

  <mono_coeffs id="657" real="0.032002134040536"/>

  <mono_coeffs id="658" real="0.010055436004752"/>

  <mono_coeffs id="659" real="0.012661940855769"/>

  <mono_coeffs id="660" real="0.037798477845194"/>

  <mono_coeffs id="661" real="-0.60229309245332"/>

  <mono_coeffs id="662" real="-0.003574487781349"/>

  <mono_coeffs id="663" real="0.026083925918661"/>

  <mono_coeffs id="664" real="-0.016923623286124"/>

  <mono_coeffs id="665" real="0.602794290492396"/>

  <mono_coeffs id="666" real="0.001328133119521"/>

  <mono_coeffs id="667" real="-0.002497441441726"/>

  <mono_coeffs id="668" real="0.01413752817323"/>

  <mono_coeffs id="669" real="-0.004073935326717"/>

  <mono_coeffs id="670" real="-0.017973566826334"/>

  <mono_coeffs id="671" real="0.643338878210788"/>

  <mono_coeffs id="672" real="0.00357448778135"/>

  <mono_coeffs id="673" real="0.009348049736175"/>

  <mono_coeffs id="674" real="0.007243841706174"/>

  <mono_coeffs id="675" real="1.845672302107547"/>

  <mono_coeffs id="676" real="0.100401792318249"/>

  <mono_coeffs id="677" real="0.103868971327661"/>

  <mono_coeffs id="678" real="-0.520863844447084"/>

  <mono_coeffs id="679" real="0.014505887372996"/>

  <mono_coeffs id="680" real="-0.516620337614185"/>

  <mono_coeffs id="681" real="1.239577043689009"/>

  <mono_coeffs id="682" real="0.168835389568442"/>

  <mono_coeffs id="683" real="0.229603161556961"/>

  <mono_coeffs id="684" real="-0.096967019305129"/>

  <mono_coeffs id="685" real="-0.021946698035785"/>

  <mono_coeffs id="686" real="-0.397826467885786"/>

  <mono_coeffs id="687" real="0.38357391860496"/>

  <mono_coeffs id="688" real="0.100401792318249"/>

  <mono_coeffs id="689" real="0.175219560509756"/>

  <mono_coeffs id="690" real="-0.047906085991992"/>

  <mono_coeffs id="691" real="0.060380175869027"/>

  <mono_coeffs id="692" real="-0.147107113519435"/>

  <mono_coeffs id="693" real="0.715357517011235"/>

  <mono_coeffs id="694" real="0.168835389568442"/>

  <mono_coeffs id="695" real="0.218176857073885"/>

  <mono_coeffs id="696" real="0.544747037935975"/>

  <mono_coeffs id="697" real="0.060380175869027"/>

  <mono_coeffs id="698" real="0.540503531103076"/>

  <mono_coeffs id="699" real="1.239577043689009"/>

  <mono_coeffs id="700" real="-0.082714470024303"/>

  <mono_coeffs id="701" real="-0.074902295018429"/>

  <mono_coeffs id="702" real="0.225957153562228"/>

  <mono_coeffs id="703" real="0"/>

  <mono_coeffs id="704" real="-0.074902295018429"/>

  <mono_coeffs id="705" real="0.308671623586531"/>

  <mono_coeffs id="706" real="-0.036027741944194"/>

  <mono_coeffs id="707" real="-0.034992062284994"/>

  <mono_coeffs id="708" real="0.187067691336146"/>

  <mono_coeffs id="709" real="0"/>

  <mono_coeffs id="710" real="-0.034992062284994"/>

  <mono_coeffs id="711" real="0.22309543328034"/>

  <mono_coeffs id="712" real="-0.014437592322479"/>

  <mono_coeffs id="713" real="0.01526768865663"/>

  <mono_coeffs id="714" real="0.114468716184072"/>

  <mono_coeffs id="715" real="0.012200636303167"/>

  <mono_coeffs id="716" real="-0.063532006302887"/>

  <mono_coeffs id="717" real="0.639624874405182"/>

  <mono_coeffs id="718" real="-0.036027741944194"/>

  <mono_coeffs id="719" real="-0.016014930635154"/>

  <mono_coeffs id="720" real="-0.238074684256294"/>

  <mono_coeffs id="721" real="0.012200636303167"/>

  <mono_coeffs id="722" real="0.062784764324363"/>

  <mono_coeffs id="723" real="0.308671623586531"/>

  <mono_coeffs id="724" real="-0.01801126559562"/>

  <mono_coeffs id="725" real="-0.017393458324098"/>

  <mono_coeffs id="726" real="0.163013599277549"/>

  <mono_coeffs id="727" real="0"/>

  <mono_coeffs id="728" real="-0.017393458324098"/>

  <mono_coeffs id="729" real="0.181024864873169"/>

  <mono_coeffs id="730" real="-0.011151916587879"/>

  <mono_coeffs id="731" real="-0.006683316028463"/>

  <mono_coeffs id="732" real="0.151425618094764"/>

  <mono_coeffs id="733" real="0"/>

  <mono_coeffs id="734" real="-0.006683316028463"/>

  <mono_coeffs id="735" real="0.162577534682643"/>

  <mono_coeffs id="736" real="-0.01248888949656"/>

  <mono_coeffs id="737" real="-0.004329928693492"/>

  <mono_coeffs id="738" real="0.113606479713651"/>

  <mono_coeffs id="739" real="0.003690360243652"/>

  <mono_coeffs id="740" real="-0.026628052171912"/>

  <mono_coeffs id="741" real="0.460921000691432"/>

  <mono_coeffs id="742" real="-0.011151916587879"/>

  <mono_coeffs id="743" real="-0.006843749072705"/>

  <mono_coeffs id="744" real="-0.164952683195932"/>

  <mono_coeffs id="745" real="0.003690360243652"/>

  <mono_coeffs id="746" real="0.015454374405715"/>

  <mono_coeffs id="747" real="0.181024864873169"/>

  <mono_coeffs id="748" real="-0.01248888949656"/>

  <mono_coeffs id="749" real="0.002073318655308"/>

  <mono_coeffs id="750" real="-0.115863089751834"/>

  <mono_coeffs id="751" real="0.004808556034269"/>

  <mono_coeffs id="752" real="0.043314711636426"/>

  <mono_coeffs id="753" real="0.529745568709153"/>

  <mono_coeffs id="754" real="-0.016845670358712"/>

  <mono_coeffs id="755" real="0.005467530351499"/>

  <mono_coeffs id="756" real="-0.112057575017268"/>

  <mono_coeffs id="757" real="0.004808556034269"/>

  <mono_coeffs id="758" real="0.065943147469691"/>

  <mono_coeffs id="759" real="0.639624874405182"/>

  <mono_coeffs id="760" real="-0.01801126559562"/>

  <mono_coeffs id="761" real="-0.011185235530365"/>

  <mono_coeffs id="762" real="-0.191592293132011"/>

  <mono_coeffs id="763" real="0.005790350406055"/>

  <mono_coeffs id="764" real="0.030467460489129"/>

  <mono_coeffs id="765" real="0.22309543328034"/>

  <mono_coeffs id="766" real="-0.016845670358712"/>

  <mono_coeffs id="767" real="-0.001301667835057"/>

  <mono_coeffs id="768" real="0.11622343753371"/>

  <mono_coeffs id="769" real="0.005790350406055"/>

  <mono_coeffs id="770" real="-0.042954363854551"/>

  <mono_coeffs id="771" real="0.529745568709153"/>

  <mono_coeffs id="772" real="-0.001097917050284"/>

  <mono_coeffs id="773" real="-0.005531061502783"/>

  <mono_coeffs id="774" real="0.021599899891508"/>

  <mono_coeffs id="775" real="-0.002910594350587"/>

  <mono_coeffs id="776" real="0.031871844438349"/>

  <mono_coeffs id="777" real="-0.639400140816763"/>

  <mono_coeffs id="778" real="-0.000476691697295"/>

  <mono_coeffs id="779" real="0.013972038249359"/>

  <mono_coeffs id="780" real="-0.631233352990994"/>

  <mono_coeffs id="781" real="1.204737801465273"/>

  <mono_coeffs id="782" real="-0.001031064484811"/>

  <mono_coeffs id="783" real="-0.002039654002402"/>

  <mono_coeffs id="784" real="0.016685085548411"/>

  <mono_coeffs id="785" real="-0.001485281214886"/>

  <mono_coeffs id="786" real="0.0292222867497"/>

  <mono_coeffs id="787" real="-0.57556408814778"/>

  <mono_coeffs id="788" real="-0.000476691697295"/>

  <mono_coeffs id="789" real="0.012537201201289"/>

  <mono_coeffs id="790" real="-0.57556408814778"/>

  <mono_coeffs id="791" real="-0"/>

  <mono_coeffs id="792" real="-0.015765705403418"/>

  <mono_coeffs id="793" real="-0.008167243549444"/>

  <mono_coeffs id="794" real="-0.009826359471226"/>

  <mono_coeffs id="795" real="0.007624118137551"/>

  <mono_coeffs id="796" real="0.012269870447367"/>

  <mono_coeffs id="797" real="-0.58072371685738"/>

  <mono_coeffs id="798" real="0.000025656283577"/>

  <mono_coeffs id="799" real="0.022096229918593"/>

  <mono_coeffs id="800" real="-0.58072371685738"/>

  <mono_coeffs id="801" real="-0"/>

  <mono_coeffs id="802" real="0.001031064484811"/>

  <mono_coeffs id="803" real="0.00279070417629"/>

  <mono_coeffs id="804" real="0.021515443727103"/>

  <mono_coeffs id="805" real="-0.000265258391304"/>

  <mono_coeffs id="806" real="0.032022203414321"/>

  <mono_coeffs id="807" real="0.638559117917991"/>

  <mono_coeffs id="808" real="-0.000025656283577"/>

  <mono_coeffs id="809" real="0.014206853389737"/>

  <mono_coeffs id="810" real="0.630392330092223"/>

  <mono_coeffs id="811" real="1.204737801465273"/>

  <mono_coeffs id="812" real="0.135176615957926"/>

  <mono_coeffs id="813" real="0.43882623851911"/>

  <mono_coeffs id="814" real="-0.462486292771881"/>

  <mono_coeffs id="815" real="0.24461166931274"/>

  <mono_coeffs id="816" real="-0.869803896638524"/>

  <mono_coeffs id="817" real="7.84909528679982"/>

  <mono_coeffs id="818" real="-0.003852638594505"/>

  <mono_coeffs id="819" real="0.078092129593098"/>

  <mono_coeffs id="820" real="-0.364372684747366"/>

  <mono_coeffs id="821" real="0.062856519689581"/>

  <mono_coeffs id="822" real="-0.684041796497556"/>

  <mono_coeffs id="823" real="6.197229237751634"/>

  <mono_coeffs id="824" real="0.031968966293196"/>

  <mono_coeffs id="825" real="0.113616768463361"/>

  <mono_coeffs id="826" real="-0.492849531985653"/>

  <mono_coeffs id="827" real="0.062559553672142"/>

  <mono_coeffs id="828" real="-0.736165649743747"/>

  <mono_coeffs id="829" real="6.76021446725992"/>

  <mono_coeffs id="830" real="-0.003852638594505"/>

  <mono_coeffs id="831" real="0.117744868326082"/>

  <mono_coeffs id="832" real="0.560209682666547"/>

  <mono_coeffs id="833" real="0.062559553672141"/>

  <mono_coeffs id="834" real="0.967527286533191"/>

  <mono_coeffs id="835" real="7.84909528679982"/>

  <mono_coeffs id="836" real="0"/>

  <mono_coeffs id="837" real="-0.057319120146005"/>

  <mono_coeffs id="838" real="0.074719522263468"/>

  <mono_coeffs id="839" real="-0.089963370462977"/>

  <mono_coeffs id="840" real="0.119353745529948"/>

  <mono_coeffs id="841" real="-0.66622259043089"/>

  <mono_coeffs id="842" real="-0.030984617325086"/>

  <mono_coeffs id="843" real="0.03273829284241"/>

  <mono_coeffs id="844" real="-0.60417796110209"/>

  <mono_coeffs id="845" real="8.32452077989713"/>

  <mono_coeffs id="846" real="-0.004356482127966"/>

  <mono_coeffs id="847" real="-0.013911935333264"/>

  <mono_coeffs id="848" real="0.030413808649993"/>

  <mono_coeffs id="849" real="-0.01476435280464"/>

  <mono_coeffs id="850" real="0.066149498711968"/>

  <mono_coeffs id="851" real="-0.475958730495385"/>

  <mono_coeffs id="852" real="-0.005334580161159"/>

  <mono_coeffs id="853" real="0.030713725698004"/>

  <mono_coeffs id="854" real="-0.428896122200413"/>

  <mono_coeffs id="855" real="7.305829875610953"/>

  <mono_coeffs id="856" real="-0.000000000000003"/>

  <mono_coeffs id="857" real="-0.004297352737289"/>

  <mono_coeffs id="858" real="0.039644591216964"/>

  <mono_coeffs id="859" real="-0.004536014422794"/>

  <mono_coeffs id="860" real="0.077195393141226"/>

  <mono_coeffs id="861" real="-0.481310012702497"/>

  <mono_coeffs id="862" real="-0.000364342247323"/>

  <mono_coeffs id="863" real="0.03328292093119"/>

  <mono_coeffs id="864" real="-0.415667713693436"/>

  <mono_coeffs id="865" real="7.192622246059654"/>

  <mono_coeffs id="866" real="0.004356482127964"/>

  <mono_coeffs id="867" real="0.014723652684257"/>

  <mono_coeffs id="868" real="0.059049396667515"/>

  <mono_coeffs id="869" real="0.0123911457955"/>

  <mono_coeffs id="870" real="0.12115540824107"/>

  <mono_coeffs id="871" real="0.665636844457565"/>

  <mono_coeffs id="872" real="0.000364342247323"/>

  <mono_coeffs id="873" real="0.050210081149485"/>

  <mono_coeffs id="874" real="0.603592215128764"/>

  <mono_coeffs id="875" real="8.324520779897131"/>

  <mono_coeffs id="876" real="0.005472464049994"/>

  <mono_coeffs id="877" real="0.013911217400437"/>

  <mono_coeffs id="878" real="0.049244857086359"/>

  <mono_coeffs id="879" real="0.015382591712241"/>

  <mono_coeffs id="880" real="0.12029206143344"/>

  <mono_coeffs id="881" real="0.658998732254335"/>

  <mono_coeffs id="882" real="0.005334580161158"/>

  <mono_coeffs id="883" real="0.060860670214881"/>

  <mono_coeffs id="884" real="0.615338400278648"/>

  <mono_coeffs id="885" real="8.43178523610227"/>

  <mono_coeffs id="886" real="0.009433900389169"/>

  <mono_coeffs id="887" real="0.024470976120391"/>

  <mono_coeffs id="888" real="0.095172528273716"/>

  <mono_coeffs id="889" real="0.046021693056308"/>

  <mono_coeffs id="890" real="0.263895884635412"/>

  <mono_coeffs id="891" real="1.020275735293061"/>

  <mono_coeffs id="892" real="0.030984617325083"/>

  <mono_coeffs id="893" real="0.168723356361695"/>

  <mono_coeffs id="894" real="1.020275735293064"/>

  <mono_coeffs id="895" real="10"/>

  <mono_coeffs id="896" real="0.005472464050001"/>

  <mono_coeffs id="897" real="0.027767582796731"/>

  <mono_coeffs id="898" real="0.095936006782647"/>

  <mono_coeffs id="899" real="0.035656808636669"/>

  <mono_coeffs id="900" real="0.220739329712152"/>

  <mono_coeffs id="901" real="0.946175910952284"/>

  <mono_coeffs id="902" real="0.013361689889937"/>

  <mono_coeffs id="903" real="0.124803322929505"/>

  <mono_coeffs id="904" real="0.946175910952287"/>

  <mono_coeffs id="905" real="10"/>

  <mono_coeffs id="906" real="-0.009433900389174"/>

  <mono_coeffs id="907" real="-0.027316195174205"/>

  <mono_coeffs id="908" real="0.043385356979119"/>

  <mono_coeffs id="909" real="-0.032853242875612"/>

  <mono_coeffs id="910" real="0.10986516252854"/>

  <mono_coeffs id="911" real="-0.6596831383098"/>

  <mono_coeffs id="912" real="-0.013361689889939"/>

  <mono_coeffs id="913" real="0.056293271417223"/>

  <mono_coeffs id="914" real="-0.616022806334118"/>

  <mono_coeffs id="915" real="8.431785236102268"/>

  <mono_coeffs id="916" real="0"/>

  <mono_coeffs id="917" real="0.087121560045052"/>

  <mono_coeffs id="918" real="0.087121560045052"/>

  <mono_coeffs id="919" real="0.135176615957926"/>

  <mono_coeffs id="920" real="-0.814190971245939"/>

  <mono_coeffs id="921" real="9.050632412796135"/>

  <mono_coeffs id="922" real="-0.012290977597774"/>

  <mono_coeffs id="923" real="-0.021118829836362"/>

  <mono_coeffs id="924" real="0.056321924995665"/>

  <mono_coeffs id="925" real="0.031968966293196"/>

  <mono_coeffs id="926" real="-0.627585130285375"/>

  <mono_coeffs id="927" real="7.627552573269247"/>

  <mono_coeffs id="928" real="0"/>

  <mono_coeffs id="929" real="0.041070836972739"/>

  <mono_coeffs id="930" real="0.041070836972739"/>

  <mono_coeffs id="931" real="0.067163015489718"/>

  <mono_coeffs id="932" real="-0.782800939486226"/>

  <mono_coeffs id="933" real="9.150036045024056"/>

  <mono_coeffs id="934" real="-0.012290977597772"/>

  <mono_coeffs id="935" real="0.00681698197907"/>

  <mono_coeffs id="936" real="-0.070623772852956"/>

  <mono_coeffs id="937" real="0.067163015489718"/>

  <mono_coeffs id="938" real="0.830688758438034"/>

  <mono_coeffs id="939" real="9.050632412796135"/>

  <mono_coeffs id="940" real="0"/>

  <mono_coeffs id="941" real="0.018369577568739"/>

  <mono_coeffs id="942" real="0.018369577568739"/>

  <mono_coeffs id="943" real="0.035995313010853"/>

  <mono_coeffs id="944" real="-0.768516611460713"/>

  <mono_coeffs id="945" real="9.195488075528434"/>

  <mono_coeffs id="946" real="-0.005180418314659"/>

  <mono_coeffs id="947" real="-0.008899434771163"/>

  <mono_coeffs id="948" real="0.002461875371024"/>

  <mono_coeffs id="949" real="0.028197073334907"/>

  <mono_coeffs id="950" real="-0.674350777920987"/>

  <mono_coeffs id="951" real="7.740221499142049"/>

  <mono_coeffs id="952" real="0"/>

  <mono_coeffs id="953" real="0.005642723154048"/>

  <mono_coeffs id="954" real="0.005642723154048"/>

  <mono_coeffs id="955" real="0.019418902729361"/>

  <mono_coeffs id="956" real="-0.769882155733217"/>

  <mono_coeffs id="957" real="9.210698941537423"/>

  <mono_coeffs id="958" real="-0.005180418314659"/>

  <mono_coeffs id="959" real="-0.003387251027413"/>

  <mono_coeffs id="960" real="-0.014748561169601"/>

  <mono_coeffs id="961" real="0.019418902729361"/>

  <mono_coeffs id="962" real="0.772137627859852"/>

  <mono_coeffs id="963" real="9.195488075528434"/>

  <mono_coeffs id="964" real="-0.006882397271236"/>

  <mono_coeffs id="965" real="-0.012980328391842"/>

  <mono_coeffs id="966" real="-0.026936183629729"/>

  <mono_coeffs id="967" real="0.028197073334907"/>

  <mono_coeffs id="968" real="0.652471014757982"/>

  <mono_coeffs id="969" real="7.712525419097872"/>

  <mono_coeffs id="970" real="-0.007072801451375"/>

  <mono_coeffs id="971" real="0.002830333042498"/>

  <mono_coeffs id="972" real="-0.034155254387014"/>

  <mono_coeffs id="973" real="0.035995313010853"/>

  <mono_coeffs id="974" real="0.78971652207195"/>

  <mono_coeffs id="975" real="9.150036045024056"/>

  <mono_coeffs id="976" real="-0.006882397271237"/>

  <mono_coeffs id="977" real="-0.015726978622555"/>

  <mono_coeffs id="978" real="-0.057212422945396"/>

  <mono_coeffs id="979" real="0.031952237180467"/>

  <mono_coeffs id="980" real="0.626694632335644"/>

  <mono_coeffs id="981" real="7.627552573269247"/>

  <mono_coeffs id="982" real="-0.007072801451374"/>

  <mono_coeffs id="983" real="-0.009415568726416"/>

  <mono_coeffs id="984" real="0.027570018703095"/>

  <mono_coeffs id="985" real="0.031952237180469"/>

  <mono_coeffs id="986" real="-0.651837179684615"/>

  <mono_coeffs id="987" real="7.712525419097873"/>

  <mono_coeffs id="988" real="-0.013236537470963"/>

  <mono_coeffs id="989" real="0.051070547237969"/>

  <mono_coeffs id="990" real="0.393635089458876"/>

  <mono_coeffs id="991" real="0.062856519689581"/>

  <mono_coeffs id="992" real="0.813204473328624"/>

  <mono_coeffs id="993" real="6.964620910834334"/>

  <mono_coeffs id="994" real="-0.051232917494499"/>

  <mono_coeffs id="995" real="0.06134010940877"/>

  <mono_coeffs id="996" real="0.494430538142592"/>

  <mono_coeffs id="997" real="0.24461166931274"/>

  <mono_coeffs id="998" real="1.369970244566405"/>

  <mono_coeffs id="999" real="8.992421651166715"/>

  <mono_coeffs id="1000" real="-0.013236537470964"/>

  <mono_coeffs id="1001" real="0.006211337547972"/>

  <mono_coeffs id="1002" real="0.295829729885023"/>

  <mono_coeffs id="1003" real="0.063389818973187"/>

  <mono_coeffs id="1004" real="0.858871150151542"/>

  <mono_coeffs id="1005" real="7.641937222931603"/>

  <mono_coeffs id="1006" real="-0.051232917494497"/>

  <mono_coeffs id="1007" real="0.013607466498042"/>

  <mono_coeffs id="1008" real="-0.41948296223578"/>

  <mono_coeffs id="1009" real="0.063389818973187"/>

  <mono_coeffs id="1010" real="-0.839052346105528"/>

  <mono_coeffs id="1011" real="6.964620910834335"/>

  <elem_orders id="0" order="0"/>

  <elem_orders id="1" order="0"/>

  <elem_orders id="2" order="0"/>

  <elem_orders id="3" order="0"/>

  <elem_orders id="4" order="2"/>

  <elem_orders id="5" order="0"/>

  <elem_orders id="6" order="0"/>

  <elem_orders id="7" order="2"/>

  <elem_orders id="8" order="0"/>

  <elem_orders id="9" order="2"/>

  <elem_orders id="10" order="0"/>

  <elem_orders id="11" order="2"/>

  <elem_orders id="12" order="2"/>

  <elem_orders id="13" order="0"/>

  <elem_orders id="14" order="2"/>

  <elem_orders id="15" order="0"/>

  <elem_orders id="16" order="2"/>

  <elem_orders id="17" order="2"/>

  <elem_orders id="18" order="2"/>

  <elem_orders id="19" order="0"/>

  <elem_orders id="20" order="0"/>

  <elem_orders id="21" order="0"/>

  <elem_orders id="22" order="0"/>

  <elem_orders id="23" order="0"/>

  <elem_orders id="24" order="0"/>

  <elem_orders id="25" order="0"/>

  <elem_orders id="26" order="0"/>

  <elem_orders id="27" order="2"/>

  <elem_orders id="28" order="2"/>

  <elem_orders id="29" order="2"/>

  <elem_orders id="30" order="2"/>

  <elem_orders id="31" order="2"/>

  <elem_orders id="32" order="2"/>

  <elem_orders id="33" order="2"/>

  <elem_orders id="34" order="2"/>

  <elem_orders id="35" order="2"/>

  <elem_orders id="36" order="2"/>

  <elem_orders id="37" order="2"/>

  <elem_orders id="38" order="2"/>

  <elem_orders id="39" order="2"/>

  <elem_orders id="40" order="2"/>

  <elem_orders id="41" order="0"/>

  <elem_orders id="42" order="2"/>

  <elem_orders id="43" order="2"/>

  <elem_orders id="44" order="2"/>

  <elem_orders id="45" order="0"/>

  <elem_orders id="46" order="3"/>

  <elem_orders id="47" order="3"/>

  <elem_orders id="48" order="3"/>

  <elem_orders id="49" order="3"/>

  <elem_orders id="50" order="0"/>

  <elem_orders id="51" order="3"/>

  <elem_orders id="52" order="3"/>

  <elem_orders id="53" order="0"/>

  <elem_orders id="54" order="2"/>

  <elem_orders id="55" order="0"/>

  <elem_orders id="56" order="0"/>

  <elem_orders id="57" order="3"/>

  <elem_orders id="58" order="3"/>

  <elem_orders id="59" order="3"/>

  <elem_orders id="60" order="3"/>

  <elem_orders id="61" order="3"/>

  <elem_orders id="62" order="3"/>

  <elem_orders id="63" order="3"/>

  <elem_orders id="64" order="3"/>

  <elem_orders id="65" order="2"/>

  <elem_orders id="66" order="0"/>

  <elem_orders id="67" order="2"/>

  <elem_orders id="68" order="2"/>

  <elem_orders id="69" order="3"/>

  <elem_orders id="70" order="3"/>

  <elem_orders id="71" order="3"/>

  <elem_orders id="72" order="3"/>

  <elem_orders id="73" order="3"/>

  <elem_orders id="74" order="3"/>

  <elem_orders id="75" order="3"/>

  <elem_orders id="76" order="3"/>

  <elem_orders id="77" order="3"/>

  <elem_orders id="78" order="3"/>

  <elem_orders id="79" order="0"/>

  <elem_orders id="80" order="3"/>

  <elem_orders id="81" order="2"/>

  <elem_orders id="82" order="0"/>

  <elem_orders id="83" order="2"/>

  <elem_orders id="84" order="2"/>

  <elem_orders id="85" order="0"/>

  <elem_orders id="86" order="0"/>

  <elem_orders id="87" order="2"/>

  <elem_orders id="88" order="0"/>

  <elem_orders id="89" order="3"/>

  <elem_orders id="90" order="3"/>

  <elem_orders id="91" order="0"/>

  <elem_orders id="92" order="3"/>

  <elem_orders id="93" order="3"/>

  <elem_orders id="94" order="3"/>

  <elem_orders id="95" order="3"/>

  <elem_orders id="96" order="3"/>

  <elem_orders id="97" order="3"/>

  <elem_orders id="98" order="3"/>

  <elem_orders id="99" order="3"/>

  <elem_orders id="100" order="3"/>

  <elem_orders id="101" order="2"/>

  <elem_orders id="102" order="2"/>

  <elem_orders id="103" order="2"/>

  <elem_orders id="104" order="2"/>

  <elem_orders id="105" order="2"/>

  <elem_orders id="106" order="2"/>

  <elem_orders id="107" order="2"/>

  <elem_orders id="108" order="2"/>

  <elem_orders id="109" order="2"/>

  <elem_orders id="110" order="2"/>

  <elem_orders id="111" order="2"/>

  <elem_orders id="112" order="2"/>

  <elem_orders id="113" order="3"/>

  <elem_orders id="114" order="3"/>

  <elem_orders id="115" order="3"/>

  <elem_orders id="116" order="3"/>

  <elem_orders id="117" order="2"/>

  <elem_orders id="118" order="2"/>

  <elem_orders id="119" order="2"/>

  <elem_orders id="120" order="2"/>

  <elem_orders id="121" order="2"/>

  <elem_orders id="122" order="2"/>

  <elem_orders id="123" order="2"/>

  <elem_orders id="124" order="2"/>

  <elem_orders id="125" order="2"/>

  <elem_orders id="126" order="2"/>

  <elem_orders id="127" order="2"/>

  <elem_orders id="128" order="2"/>

  <elem_orders id="129" order="2"/>

  <elem_orders id="130" order="2"/>

  <elem_orders id="131" order="2"/>

  <elem_orders id="132" order="2"/>

  <elem_orders id="133" order="3"/>

  <elem_orders id="134" order="3"/>

  <elem_orders id="135" order="3"/>

  <elem_orders id="136" order="3"/>

  <elem_orders id="137" order="2"/>

  <elem_orders id="138" order="2"/>

  <elem_orders id="139" order="2"/>

  <elem_orders id="140" order="2"/>

  <elem_orders id="141" order="3"/>

  <elem_orders id="142" order="3"/>

  <elem_orders id="143" order="3"/>

  <elem_orders id="144" order="3"/>

  <elem_orders id="145" order="3"/>

  <elem_orders id="146" order="3"/>

  <elem_orders id="147" order="3"/>

  <elem_orders id="148" order="3"/>

  <elem_orders id="149" order="2"/>

  <elem_orders id="150" order="2"/>

  <elem_orders id="151" order="2"/>

  <elem_orders id="152" order="2"/>

  <elem_orders id="153" order="2"/>

  <elem_orders id="154" order="2"/>

  <elem_orders id="155" order="2"/>

  <elem_orders id="156" order="2"/>

  <elem_orders id="157" order="2"/>

  <elem_orders id="158" order="2"/>

  <elem_orders id="159" order="2"/>

  <elem_orders id="160" order="2"/>

  <elem_orders id="161" order="2"/>

  <elem_orders id="162" order="2"/>

  <elem_orders id="163" order="2"/>

  <elem_orders id="164" order="2"/>

  <component component_number="0">
    <elem_coeffs coeff="0" id="0"/>
    <elem_coeffs coeff="0" id="1"/>
    <elem_coeffs coeff="0" id="2"/>
    <elem_coeffs coeff="0" id="3"/>
    <elem_coeffs coeff="0" id="4"/>
    <elem_coeffs coeff="0" id="5"/>
    <elem_coeffs coeff="0" id="6"/>
    <elem_coeffs coeff="6" id="7"/>
    <elem_coeffs coeff="0" id="8"/>
    <elem_coeffs coeff="12" id="9"/>
    <elem_coeffs coeff="0" id="10"/>
    <elem_coeffs coeff="18" id="11"/>
    <elem_coeffs coeff="24" id="12"/>
    <elem_coeffs coeff="0" id="13"/>
    <elem_coeffs coeff="30" id="14"/>
    <elem_coeffs coeff="0" id="15"/>
    <elem_coeffs coeff="36" id="16"/>
    <elem_coeffs coeff="42" id="17"/>
    <elem_coeffs coeff="48" id="18"/>
    <elem_coeffs coeff="0" id="19"/>
    <elem_coeffs coeff="0" id="20"/>
    <elem_coeffs coeff="0" id="21"/>
    <elem_coeffs coeff="0" id="22"/>
    <elem_coeffs coeff="0" id="23"/>
    <elem_coeffs coeff="0" id="24"/>
    <elem_coeffs coeff="0" id="25"/>
    <elem_coeffs coeff="0" id="26"/>
    <elem_coeffs coeff="54" id="27"/>
    <elem_coeffs coeff="60" id="28"/>
    <elem_coeffs coeff="66" id="29"/>
    <elem_coeffs coeff="72" id="30"/>
    <elem_coeffs coeff="78" id="31"/>
    <elem_coeffs coeff="84" id="32"/>
    <elem_coeffs coeff="90" id="33"/>
    <elem_coeffs coeff="96" id="34"/>
    <elem_coeffs coeff="102" id="35"/>
    <elem_coeffs coeff="108" id="36"/>
    <elem_coeffs coeff="114" id="37"/>
    <elem_coeffs coeff="120" id="38"/>
    <elem_coeffs coeff="126" id="39"/>
    <elem_coeffs coeff="132" id="40"/>
    <elem_coeffs coeff="0" id="41"/>
    <elem_coeffs coeff="138" id="42"/>
    <elem_coeffs coeff="144" id="43"/>
    <elem_coeffs coeff="150" id="44"/>
    <elem_coeffs coeff="0" id="45"/>
    <elem_coeffs coeff="156" id="46"/>
    <elem_coeffs coeff="166" id="47"/>
    <elem_coeffs coeff="176" id="48"/>
    <elem_coeffs coeff="186" id="49"/>
    <elem_coeffs coeff="0" id="50"/>
    <elem_coeffs coeff="196" id="51"/>
    <elem_coeffs coeff="206" id="52"/>
    <elem_coeffs coeff="0" id="53"/>
    <elem_coeffs coeff="216" id="54"/>
    <elem_coeffs coeff="0" id="55"/>
    <elem_coeffs coeff="0" id="56"/>
    <elem_coeffs coeff="222" id="57"/>
    <elem_coeffs coeff="232" id="58"/>
    <elem_coeffs coeff="242" id="59"/>
    <elem_coeffs coeff="252" id="60"/>
    <elem_coeffs coeff="262" id="61"/>
    <elem_coeffs coeff="272" id="62"/>
    <elem_coeffs coeff="282" id="63"/>
    <elem_coeffs coeff="292" id="64"/>
    <elem_coeffs coeff="302" id="65"/>
    <elem_coeffs coeff="0" id="66"/>
    <elem_coeffs coeff="308" id="67"/>
    <elem_coeffs coeff="314" id="68"/>
    <elem_coeffs coeff="320" id="69"/>
    <elem_coeffs coeff="330" id="70"/>
    <elem_coeffs coeff="340" id="71"/>
    <elem_coeffs coeff="350" id="72"/>
    <elem_coeffs coeff="360" id="73"/>
    <elem_coeffs coeff="370" id="74"/>
    <elem_coeffs coeff="380" id="75"/>
    <elem_coeffs coeff="390" id="76"/>
    <elem_coeffs coeff="400" id="77"/>
    <elem_coeffs coeff="410" id="78"/>
    <elem_coeffs coeff="0" id="79"/>
    <elem_coeffs coeff="420" id="80"/>
    <elem_coeffs coeff="430" id="81"/>
    <elem_coeffs coeff="0" id="82"/>
    <elem_coeffs coeff="436" id="83"/>
    <elem_coeffs coeff="442" id="84"/>
    <elem_coeffs coeff="0" id="85"/>
    <elem_coeffs coeff="0" id="86"/>
    <elem_coeffs coeff="448" id="87"/>
    <elem_coeffs coeff="0" id="88"/>
    <elem_coeffs coeff="454" id="89"/>
    <elem_coeffs coeff="464" id="90"/>
    <elem_coeffs coeff="0" id="91"/>
    <elem_coeffs coeff="474" id="92"/>
    <elem_coeffs coeff="484" id="93"/>
    <elem_coeffs coeff="494" id="94"/>
    <elem_coeffs coeff="504" id="95"/>
    <elem_coeffs coeff="514" id="96"/>
    <elem_coeffs coeff="524" id="97"/>
    <elem_coeffs coeff="534" id="98"/>
    <elem_coeffs coeff="544" id="99"/>
    <elem_coeffs coeff="554" id="100"/>
    <elem_coeffs coeff="564" id="101"/>
    <elem_coeffs coeff="570" id="102"/>
    <elem_coeffs coeff="576" id="103"/>
    <elem_coeffs coeff="582" id="104"/>
    <elem_coeffs coeff="588" id="105"/>
    <elem_coeffs coeff="594" id="106"/>
    <elem_coeffs coeff="600" id="107"/>
    <elem_coeffs coeff="606" id="108"/>
    <elem_coeffs coeff="612" id="109"/>
    <elem_coeffs coeff="618" id="110"/>
    <elem_coeffs coeff="624" id="111"/>
    <elem_coeffs coeff="630" id="112"/>
    <elem_coeffs coeff="636" id="113"/>
    <elem_coeffs coeff="646" id="114"/>
    <elem_coeffs coeff="656" id="115"/>
    <elem_coeffs coeff="666" id="116"/>
    <elem_coeffs coeff="676" id="117"/>
    <elem_coeffs coeff="682" id="118"/>
    <elem_coeffs coeff="688" id="119"/>
    <elem_coeffs coeff="694" id="120"/>
    <elem_coeffs coeff="700" id="121"/>
    <elem_coeffs coeff="706" id="122"/>
    <elem_coeffs coeff="712" id="123"/>
    <elem_coeffs coeff="718" id="124"/>
    <elem_coeffs coeff="724" id="125"/>
    <elem_coeffs coeff="730" id="126"/>
    <elem_coeffs coeff="736" id="127"/>
    <elem_coeffs coeff="742" id="128"/>
    <elem_coeffs coeff="748" id="129"/>
    <elem_coeffs coeff="754" id="130"/>
    <elem_coeffs coeff="760" id="131"/>
    <elem_coeffs coeff="766" id="132"/>
    <elem_coeffs coeff="772" id="133"/>
    <elem_coeffs coeff="782" id="134"/>
    <elem_coeffs coeff="792" id="135"/>
    <elem_coeffs coeff="802" id="136"/>
    <elem_coeffs coeff="812" id="137"/>
    <elem_coeffs coeff="818" id="138"/>
    <elem_coeffs coeff="824" id="139"/>
    <elem_coeffs coeff="830" id="140"/>
    <elem_coeffs coeff="836" id="141"/>
    <elem_coeffs coeff="846" id="142"/>
    <elem_coeffs coeff="856" id="143"/>
    <elem_coeffs coeff="866" id="144"/>
    <elem_coeffs coeff="876" id="145"/>
    <elem_coeffs coeff="886" id="146"/>
    <elem_coeffs coeff="896" id="147"/>
    <elem_coeffs coeff="906" id="148"/>
    <elem_coeffs coeff="916" id="149"/>
    <elem_coeffs coeff="922" id="150"/>
    <elem_coeffs coeff="928" id="151"/>
    <elem_coeffs coeff="934" id="152"/>
    <elem_coeffs coeff="940" id="153"/>
    <elem_coeffs coeff="946" id="154"/>
    <elem_coeffs coeff="952" id="155"/>
    <elem_coeffs coeff="958" id="156"/>
    <elem_coeffs coeff="964" id="157"/>
    <elem_coeffs coeff="970" id="158"/>
    <elem_coeffs coeff="976" id="159"/>
    <elem_coeffs coeff="982" id="160"/>
    <elem_coeffs coeff="988" id="161"/>
    <elem_coeffs coeff="994" id="162"/>
    <elem_coeffs coeff="1000" id="163"/>
    <elem_coeffs coeff="1006" id="164"/>
  </component>

</solution:solution>
